// !$*UTF8*$!
{
	archiveVersion = 1;
	classes = {
	};
	objectVersion = 50;
	objects = {

/* Begin PBXBuildFile section */
		E23BA40F251AA1A30011B52E /* AppDelegate.swift in Sources */ = {isa = PBXBuildFile; fileRef = E23BA40E251AA1A30011B52E /* AppDelegate.swift */; };
		E23BA411251AA1A30011B52E /* SceneDelegate.swift in Sources */ = {isa = PBXBuildFile; fileRef = E23BA410251AA1A30011B52E /* SceneDelegate.swift */; };
		E23BA413251AA1A30011B52E /* ViewController.swift in Sources */ = {isa = PBXBuildFile; fileRef = E23BA412251AA1A30011B52E /* ViewController.swift */; };
		E23BA416251AA1A30011B52E /* Main.storyboard in Resources */ = {isa = PBXBuildFile; fileRef = E23BA414251AA1A30011B52E /* Main.storyboard */; };
		E23BA418251AA1A50011B52E /* Assets.xcassets in Resources */ = {isa = PBXBuildFile; fileRef = E23BA417251AA1A50011B52E /* Assets.xcassets */; };
		E23BA41B251AA1A50011B52E /* LaunchScreen.storyboard in Resources */ = {isa = PBXBuildFile; fileRef = E23BA419251AA1A50011B52E /* LaunchScreen.storyboard */; };
		E23BA426251AA1A50011B52E /* DependencyInjectionTests.swift in Sources */ = {isa = PBXBuildFile; fileRef = E23BA425251AA1A50011B52E /* DependencyInjectionTests.swift */; };
		E23BA431251AA1A50011B52E /* DependencyInjectionUITests.swift in Sources */ = {isa = PBXBuildFile; fileRef = E23BA430251AA1A50011B52E /* DependencyInjectionUITests.swift */; };
		E23BA442251AA1FF0011B52E /* SomeService.swift in Sources */ = {isa = PBXBuildFile; fileRef = E23BA441251AA1FF0011B52E /* SomeService.swift */; };
/* End PBXBuildFile section */

/* Begin PBXContainerItemProxy section */
		E23BA422251AA1A50011B52E /* PBXContainerItemProxy */ = {
			isa = PBXContainerItemProxy;
			containerPortal = E23BA403251AA1A30011B52E /* Project object */;
			proxyType = 1;
			remoteGlobalIDString = E23BA40A251AA1A30011B52E;
			remoteInfo = DependencyInjection;
		};
		E23BA42D251AA1A50011B52E /* PBXContainerItemProxy */ = {
			isa = PBXContainerItemProxy;
			containerPortal = E23BA403251AA1A30011B52E /* Project object */;
			proxyType = 1;
			remoteGlobalIDString = E23BA40A251AA1A30011B52E;
			remoteInfo = DependencyInjection;
		};
/* End PBXContainerItemProxy section */

/* Begin PBXFileReference section */
		E23BA40B251AA1A30011B52E /* DependencyInjection.app */ = {isa = PBXFileReference; explicitFileType = wrapper.application; includeInIndex = 0; path = DependencyInjection.app; sourceTree = BUILT_PRODUCTS_DIR; };
		E23BA40E251AA1A30011B52E /* AppDelegate.swift */ = {isa = PBXFileReference; lastKnownFileType = sourcecode.swift; path = AppDelegate.swift; sourceTree = "<group>"; };
		E23BA410251AA1A30011B52E /* SceneDelegate.swift */ = {isa = PBXFileReference; lastKnownFileType = sourcecode.swift; path = SceneDelegate.swift; sourceTree = "<group>"; };
		E23BA412251AA1A30011B52E /* ViewController.swift */ = {isa = PBXFileReference; lastKnownFileType = sourcecode.swift; path = ViewController.swift; sourceTree = "<group>"; };
		E23BA415251AA1A30011B52E /* Base */ = {isa = PBXFileReference; lastKnownFileType = file.storyboard; name = Base; path = Base.lproj/Main.storyboard; sourceTree = "<group>"; };
		E23BA417251AA1A50011B52E /* Assets.xcassets */ = {isa = PBXFileReference; lastKnownFileType = folder.assetcatalog; path = Assets.xcassets; sourceTree = "<group>"; };
		E23BA41A251AA1A50011B52E /* Base */ = {isa = PBXFileReference; lastKnownFileType = file.storyboard; name = Base; path = Base.lproj/LaunchScreen.storyboard; sourceTree = "<group>"; };
		E23BA41C251AA1A50011B52E /* Info.plist */ = {isa = PBXFileReference; lastKnownFileType = text.plist.xml; path = Info.plist; sourceTree = "<group>"; };
		E23BA421251AA1A50011B52E /* DependencyInjectionTests.xctest */ = {isa = PBXFileReference; explicitFileType = wrapper.cfbundle; includeInIndex = 0; path = DependencyInjectionTests.xctest; sourceTree = BUILT_PRODUCTS_DIR; };
		E23BA425251AA1A50011B52E /* DependencyInjectionTests.swift */ = {isa = PBXFileReference; lastKnownFileType = sourcecode.swift; path = DependencyInjectionTests.swift; sourceTree = "<group>"; };
		E23BA427251AA1A50011B52E /* Info.plist */ = {isa = PBXFileReference; lastKnownFileType = text.plist.xml; path = Info.plist; sourceTree = "<group>"; };
		E23BA42C251AA1A50011B52E /* DependencyInjectionUITests.xctest */ = {isa = PBXFileReference; explicitFileType = wrapper.cfbundle; includeInIndex = 0; path = DependencyInjectionUITests.xctest; sourceTree = BUILT_PRODUCTS_DIR; };
		E23BA430251AA1A50011B52E /* DependencyInjectionUITests.swift */ = {isa = PBXFileReference; lastKnownFileType = sourcecode.swift; path = DependencyInjectionUITests.swift; sourceTree = "<group>"; };
		E23BA432251AA1A50011B52E /* Info.plist */ = {isa = PBXFileReference; lastKnownFileType = text.plist.xml; path = Info.plist; sourceTree = "<group>"; };
		E23BA441251AA1FF0011B52E /* SomeService.swift */ = {isa = PBXFileReference; lastKnownFileType = sourcecode.swift; path = SomeService.swift; sourceTree = "<group>"; };
/* End PBXFileReference section */

/* Begin PBXFrameworksBuildPhase section */
		E23BA408251AA1A30011B52E /* Frameworks */ = {
			isa = PBXFrameworksBuildPhase;
			buildActionMask = 2147483647;
			files = (
			);
			runOnlyForDeploymentPostprocessing = 0;
		};
		E23BA41E251AA1A50011B52E /* Frameworks */ = {
			isa = PBXFrameworksBuildPhase;
			buildActionMask = 2147483647;
			files = (
			);
			runOnlyForDeploymentPostprocessing = 0;
		};
		E23BA429251AA1A50011B52E /* Frameworks */ = {
			isa = PBXFrameworksBuildPhase;
			buildActionMask = 2147483647;
			files = (
			);
			runOnlyForDeploymentPostprocessing = 0;
		};
/* End PBXFrameworksBuildPhase section */

/* Begin PBXGroup section */
		E23BA402251AA1A30011B52E = {
			isa = PBXGroup;
			children = (
				E23BA40D251AA1A30011B52E /* DependencyInjection */,
				E23BA424251AA1A50011B52E /* DependencyInjectionTests */,
				E23BA42F251AA1A50011B52E /* DependencyInjectionUITests */,
				E23BA40C251AA1A30011B52E /* Products */,
			);
			sourceTree = "<group>";
		};
		E23BA40C251AA1A30011B52E /* Products */ = {
			isa = PBXGroup;
			children = (
				E23BA40B251AA1A30011B52E /* DependencyInjection.app */,
				E23BA421251AA1A50011B52E /* DependencyInjectionTests.xctest */,
				E23BA42C251AA1A50011B52E /* DependencyInjectionUITests.xctest */,
			);
			name = Products;
			sourceTree = "<group>";
		};
		E23BA40D251AA1A30011B52E /* DependencyInjection */ = {
			isa = PBXGroup;
			children = (
				E23BA40E251AA1A30011B52E /* AppDelegate.swift */,
				E23BA410251AA1A30011B52E /* SceneDelegate.swift */,
				E23BA412251AA1A30011B52E /* ViewController.swift */,
				E23BA414251AA1A30011B52E /* Main.storyboard */,
				E23BA417251AA1A50011B52E /* Assets.xcassets */,
				E23BA419251AA1A50011B52E /* LaunchScreen.storyboard */,
				E23BA41C251AA1A50011B52E /* Info.plist */,
				E23BA441251AA1FF0011B52E /* SomeService.swift */,
			);
			path = DependencyInjection;
			sourceTree = "<group>";
		};
		E23BA424251AA1A50011B52E /* DependencyInjectionTests */ = {
			isa = PBXGroup;
			children = (
				E23BA425251AA1A50011B52E /* DependencyInjectionTests.swift */,
				E23BA427251AA1A50011B52E /* Info.plist */,
			);
			path = DependencyInjectionTests;
			sourceTree = "<group>";
		};
		E23BA42F251AA1A50011B52E /* DependencyInjectionUITests */ = {
			isa = PBXGroup;
			children = (
				E23BA430251AA1A50011B52E /* DependencyInjectionUITests.swift */,
				E23BA432251AA1A50011B52E /* Info.plist */,
			);
			path = DependencyInjectionUITests;
			sourceTree = "<group>";
		};
/* End PBXGroup section */

/* Begin PBXNativeTarget section */
		E23BA40A251AA1A30011B52E /* DependencyInjection */ = {
			isa = PBXNativeTarget;
			buildConfigurationList = E23BA435251AA1A50011B52E /* Build configuration list for PBXNativeTarget "DependencyInjection" */;
			buildPhases = (
				E23BA407251AA1A30011B52E /* Sources */,
				E23BA408251AA1A30011B52E /* Frameworks */,
				E23BA409251AA1A30011B52E /* Resources */,
			);
			buildRules = (
			);
			dependencies = (
			);
			name = DependencyInjection;
			productName = DependencyInjection;
			productReference = E23BA40B251AA1A30011B52E /* DependencyInjection.app */;
			productType = "com.apple.product-type.application";
		};
		E23BA420251AA1A50011B52E /* DependencyInjectionTests */ = {
			isa = PBXNativeTarget;
			buildConfigurationList = E23BA438251AA1A50011B52E /* Build configuration list for PBXNativeTarget "DependencyInjectionTests" */;
			buildPhases = (
				E23BA41D251AA1A50011B52E /* Sources */,
				E23BA41E251AA1A50011B52E /* Frameworks */,
				E23BA41F251AA1A50011B52E /* Resources */,
			);
			buildRules = (
			);
			dependencies = (
				E23BA423251AA1A50011B52E /* PBXTargetDependency */,
			);
			name = DependencyInjectionTests;
			productName = DependencyInjectionTests;
			productReference = E23BA421251AA1A50011B52E /* DependencyInjectionTests.xctest */;
			productType = "com.apple.product-type.bundle.unit-test";
		};
		E23BA42B251AA1A50011B52E /* DependencyInjectionUITests */ = {
			isa = PBXNativeTarget;
			buildConfigurationList = E23BA43B251AA1A50011B52E /* Build configuration list for PBXNativeTarget "DependencyInjectionUITests" */;
			buildPhases = (
				E23BA428251AA1A50011B52E /* Sources */,
				E23BA429251AA1A50011B52E /* Frameworks */,
				E23BA42A251AA1A50011B52E /* Resources */,
			);
			buildRules = (
			);
			dependencies = (
				E23BA42E251AA1A50011B52E /* PBXTargetDependency */,
			);
			name = DependencyInjectionUITests;
			productName = DependencyInjectionUITests;
			productReference = E23BA42C251AA1A50011B52E /* DependencyInjectionUITests.xctest */;
			productType = "com.apple.product-type.bundle.ui-testing";
		};
/* End PBXNativeTarget section */

/* Begin PBXProject section */
		E23BA403251AA1A30011B52E /* Project object */ = {
			isa = PBXProject;
			attributes = {
				LastSwiftUpdateCheck = 1200;
				LastUpgradeCheck = 1200;
				TargetAttributes = {
					E23BA40A251AA1A30011B52E = {
						CreatedOnToolsVersion = 12.0;
					};
					E23BA420251AA1A50011B52E = {
						CreatedOnToolsVersion = 12.0;
						TestTargetID = E23BA40A251AA1A30011B52E;
					};
					E23BA42B251AA1A50011B52E = {
						CreatedOnToolsVersion = 12.0;
						TestTargetID = E23BA40A251AA1A30011B52E;
					};
				};
			};
			buildConfigurationList = E23BA406251AA1A30011B52E /* Build configuration list for PBXProject "DependencyInjection" */;
			compatibilityVersion = "Xcode 9.3";
			developmentRegion = en;
			hasScannedForEncodings = 0;
			knownRegions = (
				en,
				Base,
			);
			mainGroup = E23BA402251AA1A30011B52E;
			productRefGroup = E23BA40C251AA1A30011B52E /* Products */;
			projectDirPath = "";
			projectRoot = "";
			targets = (
				E23BA40A251AA1A30011B52E /* DependencyInjection */,
				E23BA420251AA1A50011B52E /* DependencyInjectionTests */,
				E23BA42B251AA1A50011B52E /* DependencyInjectionUITests */,
			);
		};
/* End PBXProject section */

/* Begin PBXResourcesBuildPhase section */
		E23BA409251AA1A30011B52E /* Resources */ = {
			isa = PBXResourcesBuildPhase;
			buildActionMask = 2147483647;
			files = (
				E23BA41B251AA1A50011B52E /* LaunchScreen.storyboard in Resources */,
				E23BA418251AA1A50011B52E /* Assets.xcassets in Resources */,
				E23BA416251AA1A30011B52E /* Main.storyboard in Resources */,
			);
			runOnlyForDeploymentPostprocessing = 0;
		};
		E23BA41F251AA1A50011B52E /* Resources */ = {
			isa = PBXResourcesBuildPhase;
			buildActionMask = 2147483647;
			files = (
			);
			runOnlyForDeploymentPostprocessing = 0;
		};
		E23BA42A251AA1A50011B52E /* Resources */ = {
			isa = PBXResourcesBuildPhase;
			buildActionMask = 2147483647;
			files = (
			);
			runOnlyForDeploymentPostprocessing = 0;
		};
/* End PBXResourcesBuildPhase section */

/* Begin PBXSourcesBuildPhase section */
		E23BA407251AA1A30011B52E /* Sources */ = {
			isa = PBXSourcesBuildPhase;
			buildActionMask = 2147483647;
			files = (
				E23BA413251AA1A30011B52E /* ViewController.swift in Sources */,
				E23BA442251AA1FF0011B52E /* SomeService.swift in Sources */,
				E23BA40F251AA1A30011B52E /* AppDelegate.swift in Sources */,
				E23BA411251AA1A30011B52E /* SceneDelegate.swift in Sources */,
			);
			runOnlyForDeploymentPostprocessing = 0;
		};
		E23BA41D251AA1A50011B52E /* Sources */ = {
			isa = PBXSourcesBuildPhase;
			buildActionMask = 2147483647;
			files = (
				E23BA426251AA1A50011B52E /* DependencyInjectionTests.swift in Sources */,
			);
			runOnlyForDeploymentPostprocessing = 0;
		};
		E23BA428251AA1A50011B52E /* Sources */ = {
			isa = PBXSourcesBuildPhase;
			buildActionMask = 2147483647;
			files = (
				E23BA431251AA1A50011B52E /* DependencyInjectionUITests.swift in Sources */,
			);
			runOnlyForDeploymentPostprocessing = 0;
		};
/* End PBXSourcesBuildPhase section */

/* Begin PBXTargetDependency section */
		E23BA423251AA1A50011B52E /* PBXTargetDependency */ = {
			isa = PBXTargetDependency;
			target = E23BA40A251AA1A30011B52E /* DependencyInjection */;
			targetProxy = E23BA422251AA1A50011B52E /* PBXContainerItemProxy */;
		};
		E23BA42E251AA1A50011B52E /* PBXTargetDependency */ = {
			isa = PBXTargetDependency;
			target = E23BA40A251AA1A30011B52E /* DependencyInjection */;
			targetProxy = E23BA42D251AA1A50011B52E /* PBXContainerItemProxy */;
		};
/* End PBXTargetDependency section */

/* Begin PBXVariantGroup section */
		E23BA414251AA1A30011B52E /* Main.storyboard */ = {
			isa = PBXVariantGroup;
			children = (
				E23BA415251AA1A30011B52E /* Base */,
			);
			name = Main.storyboard;
			sourceTree = "<group>";
		};
		E23BA419251AA1A50011B52E /* LaunchScreen.storyboard */ = {
			isa = PBXVariantGroup;
			children = (
				E23BA41A251AA1A50011B52E /* Base */,
			);
			name = LaunchScreen.storyboard;
			sourceTree = "<group>";
		};
/* End PBXVariantGroup section */

/* Begin XCBuildConfiguration section */
		E23BA433251AA1A50011B52E /* Debug */ = {
			isa = XCBuildConfiguration;
			buildSettings = {
				ALWAYS_SEARCH_USER_PATHS = NO;
				CLANG_ANALYZER_NONNULL = YES;
				CLANG_ANALYZER_NUMBER_OBJECT_CONVERSION = YES_AGGRESSIVE;
				CLANG_CXX_LANGUAGE_STANDARD = "gnu++14";
				CLANG_CXX_LIBRARY = "libc++";
				CLANG_ENABLE_MODULES = YES;
				CLANG_ENABLE_OBJC_ARC = YES;
				CLANG_ENABLE_OBJC_WEAK = YES;
				CLANG_WARN_BLOCK_CAPTURE_AUTORELEASING = YES;
				CLANG_WARN_BOOL_CONVERSION = YES;
				CLANG_WARN_COMMA = YES;
				CLANG_WARN_CONSTANT_CONVERSION = YES;
				CLANG_WARN_DEPRECATED_OBJC_IMPLEMENTATIONS = YES;
				CLANG_WARN_DIRECT_OBJC_ISA_USAGE = YES_ERROR;
				CLANG_WARN_DOCUMENTATION_COMMENTS = YES;
				CLANG_WARN_EMPTY_BODY = YES;
				CLANG_WARN_ENUM_CONVERSION = YES;
				CLANG_WARN_INFINITE_RECURSION = YES;
				CLANG_WARN_INT_CONVERSION = YES;
				CLANG_WARN_NON_LITERAL_NULL_CONVERSION = YES;
				CLANG_WARN_OBJC_IMPLICIT_RETAIN_SELF = YES;
				CLANG_WARN_OBJC_LITERAL_CONVERSION = YES;
				CLANG_WARN_OBJC_ROOT_CLASS = YES_ERROR;
				CLANG_WARN_QUOTED_INCLUDE_IN_FRAMEWORK_HEADER = YES;
				CLANG_WARN_RANGE_LOOP_ANALYSIS = YES;
				CLANG_WARN_STRICT_PROTOTYPES = YES;
				CLANG_WARN_SUSPICIOUS_MOVE = YES;
				CLANG_WARN_UNGUARDED_AVAILABILITY = YES_AGGRESSIVE;
				CLANG_WARN_UNREACHABLE_CODE = YES;
				CLANG_WARN__DUPLICATE_METHOD_MATCH = YES;
				COPY_PHASE_STRIP = NO;
				DEBUG_INFORMATION_FORMAT = dwarf;
				ENABLE_STRICT_OBJC_MSGSEND = YES;
				ENABLE_TESTABILITY = YES;
				GCC_C_LANGUAGE_STANDARD = gnu11;
				GCC_DYNAMIC_NO_PIC = NO;
				GCC_NO_COMMON_BLOCKS = YES;
				GCC_OPTIMIZATION_LEVEL = 0;
				GCC_PREPROCESSOR_DEFINITIONS = (
					"DEBUG=1",
					"$(inherited)",
				);
				GCC_WARN_64_TO_32_BIT_CONVERSION = YES;
				GCC_WARN_ABOUT_RETURN_TYPE = YES_ERROR;
				GCC_WARN_UNDECLARED_SELECTOR = YES;
				GCC_WARN_UNINITIALIZED_AUTOS = YES_AGGRESSIVE;
				GCC_WARN_UNUSED_FUNCTION = YES;
				GCC_WARN_UNUSED_VARIABLE = YES;
				IPHONEOS_DEPLOYMENT_TARGET = 14.0;
				MTL_ENABLE_DEBUG_INFO = INCLUDE_SOURCE;
				MTL_FAST_MATH = YES;
				ONLY_ACTIVE_ARCH = YES;
				SDKROOT = iphoneos;
				SWIFT_ACTIVE_COMPILATION_CONDITIONS = DEBUG;
				SWIFT_OPTIMIZATION_LEVEL = "-Onone";
			};
			name = Debug;
		};
		E23BA434251AA1A50011B52E /* Release */ = {
			isa = XCBuildConfiguration;
			buildSettings = {
				ALWAYS_SEARCH_USER_PATHS = NO;
				CLANG_ANALYZER_NONNULL = YES;
				CLANG_ANALYZER_NUMBER_OBJECT_CONVERSION = YES_AGGRESSIVE;
				CLANG_CXX_LANGUAGE_STANDARD = "gnu++14";
				CLANG_CXX_LIBRARY = "libc++";
				CLANG_ENABLE_MODULES = YES;
				CLANG_ENABLE_OBJC_ARC = YES;
				CLANG_ENABLE_OBJC_WEAK = YES;
				CLANG_WARN_BLOCK_CAPTURE_AUTORELEASING = YES;
				CLANG_WARN_BOOL_CONVERSION = YES;
				CLANG_WARN_COMMA = YES;
				CLANG_WARN_CONSTANT_CONVERSION = YES;
				CLANG_WARN_DEPRECATED_OBJC_IMPLEMENTATIONS = YES;
				CLANG_WARN_DIRECT_OBJC_ISA_USAGE = YES_ERROR;
				CLANG_WARN_DOCUMENTATION_COMMENTS = YES;
				CLANG_WARN_EMPTY_BODY = YES;
				CLANG_WARN_ENUM_CONVERSION = YES;
				CLANG_WARN_INFINITE_RECURSION = YES;
				CLANG_WARN_INT_CONVERSION = YES;
				CLANG_WARN_NON_LITERAL_NULL_CONVERSION = YES;
				CLANG_WARN_OBJC_IMPLICIT_RETAIN_SELF = YES;
				CLANG_WARN_OBJC_LITERAL_CONVERSION = YES;
				CLANG_WARN_OBJC_ROOT_CLASS = YES_ERROR;
				CLANG_WARN_QUOTED_INCLUDE_IN_FRAMEWORK_HEADER = YES;
				CLANG_WARN_RANGE_LOOP_ANALYSIS = YES;
				CLANG_WARN_STRICT_PROTOTYPES = YES;
				CLANG_WARN_SUSPICIOUS_MOVE = YES;
				CLANG_WARN_UNGUARDED_AVAILABILITY = YES_AGGRESSIVE;
				CLANG_WARN_UNREACHABLE_CODE = YES;
				CLANG_WARN__DUPLICATE_METHOD_MATCH = YES;
				COPY_PHASE_STRIP = NO;
				DEBUG_INFORMATION_FORMAT = "dwarf-with-dsym";
				ENABLE_NS_ASSERTIONS = NO;
				ENABLE_STRICT_OBJC_MSGSEND = YES;
				GCC_C_LANGUAGE_STANDARD = gnu11;
				GCC_NO_COMMON_BLOCKS = YES;
				GCC_WARN_64_TO_32_BIT_CONVERSION = YES;
				GCC_WARN_ABOUT_RETURN_TYPE = YES_ERROR;
				GCC_WARN_UNDECLARED_SELECTOR = YES;
				GCC_WARN_UNINITIALIZED_AUTOS = YES_AGGRESSIVE;
				GCC_WARN_UNUSED_FUNCTION = YES;
				GCC_WARN_UNUSED_VARIABLE = YES;
				IPHONEOS_DEPLOYMENT_TARGET = 14.0;
				MTL_ENABLE_DEBUG_INFO = NO;
				MTL_FAST_MATH = YES;
				SDKROOT = iphoneos;
				SWIFT_COMPILATION_MODE = wholemodule;
				SWIFT_OPTIMIZATION_LEVEL = "-O";
				VALIDATE_PRODUCT = YES;
			};
			name = Release;
		};
		E23BA436251AA1A50011B52E /* Debug */ = {
			isa = XCBuildConfiguration;
			buildSettings = {
				ASSETCATALOG_COMPILER_APPICON_NAME = AppIcon;
				ASSETCATALOG_COMPILER_GLOBAL_ACCENT_COLOR_NAME = AccentColor;
				CODE_SIGN_STYLE = Automatic;
				INFOPLIST_FILE = DependencyInjection/Info.plist;
				LD_RUNPATH_SEARCH_PATHS = (
					"$(inherited)",
					"@executable_path/Frameworks",
				);
				PRODUCT_BUNDLE_IDENTIFIER = com.decagonhq.DependencyInjection;
				PRODUCT_NAME = "$(TARGET_NAME)";
				SWIFT_VERSION = 5.0;
				TARGETED_DEVICE_FAMILY = "1,2";
			};
			name = Debug;
		};
		E23BA437251AA1A50011B52E /* Release */ = {
			isa = XCBuildConfiguration;
			buildSettings = {
				ASSETCATALOG_COMPILER_APPICON_NAME = AppIcon;
				ASSETCATALOG_COMPILER_GLOBAL_ACCENT_COLOR_NAME = AccentColor;
				CODE_SIGN_STYLE = Automatic;
				INFOPLIST_FILE = DependencyInjection/Info.plist;
				LD_RUNPATH_SEARCH_PATHS = (
					"$(inherited)",
					"@executable_path/Frameworks",
				);
				PRODUCT_BUNDLE_IDENTIFIER = com.decagonhq.DependencyInjection;
				PRODUCT_NAME = "$(TARGET_NAME)";
				SWIFT_VERSION = 5.0;
				TARGETED_DEVICE_FAMILY = "1,2";
			};
			name = Release;
		};
		E23BA439251AA1A50011B52E /* Debug */ = {
			isa = XCBuildConfiguration;
			buildSettings = {
				ALWAYS_EMBED_SWIFT_STANDARD_LIBRARIES = YES;
				BUNDLE_LOADER = "$(TEST_HOST)";
				CODE_SIGN_STYLE = Automatic;
				INFOPLIST_FILE = DependencyInjectionTests/Info.plist;
				IPHONEOS_DEPLOYMENT_TARGET = 14.0;
				LD_RUNPATH_SEARCH_PATHS = (
					"$(inherited)",
					"@executable_path/Frameworks",
					"@loader_path/Frameworks",
				);
				PRODUCT_BUNDLE_IDENTIFIER = com.decagonhq.DependencyInjectionTests;
				PRODUCT_NAME = "$(TARGET_NAME)";
				SWIFT_VERSION = 5.0;
				TARGETED_DEVICE_FAMILY = "1,2";
				TEST_HOST = "$(BUILT_PRODUCTS_DIR)/DependencyInjection.app/DependencyInjection";
			};
			name = Debug;
		};
		E23BA43A251AA1A50011B52E /* Release */ = {
			isa = XCBuildConfiguration;
			buildSettings = {
				ALWAYS_EMBED_SWIFT_STANDARD_LIBRARIES = YES;
				BUNDLE_LOADER = "$(TEST_HOST)";
				CODE_SIGN_STYLE = Automatic;
				INFOPLIST_FILE = DependencyInjectionTests/Info.plist;
				IPHONEOS_DEPLOYMENT_TARGET = 14.0;
				LD_RUNPATH_SEARCH_PATHS = (
					"$(inherited)",
					"@executable_path/Frameworks",
					"@loader_path/Frameworks",
				);
				PRODUCT_BUNDLE_IDENTIFIER = com.decagonhq.DependencyInjectionTests;
				PRODUCT_NAME = "$(TARGET_NAME)";
				SWIFT_VERSION = 5.0;
				TARGETED_DEVICE_FAMILY = "1,2";
				TEST_HOST = "$(BUILT_PRODUCTS_DIR)/DependencyInjection.app/DependencyInjection";
			};
			name = Release;
		};
		E23BA43C251AA1A50011B52E /* Debug */ = {
			isa = XCBuildConfiguration;
			buildSettings = {
				ALWAYS_EMBED_SWIFT_STANDARD_LIBRARIES = YES;
				CODE_SIGN_STYLE = Automatic;
				INFOPLIST_FILE = DependencyInjectionUITests/Info.plist;
				LD_RUNPATH_SEARCH_PATHS = (
					"$(inherited)",
					"@executable_path/Frameworks",
					"@loader_path/Frameworks",
				);
				PRODUCT_BUNDLE_IDENTIFIER = com.decagonhq.DependencyInjectionUITests;
				PRODUCT_NAME = "$(TARGET_NAME)";
				SWIFT_VERSION = 5.0;
				TARGETED_DEVICE_FAMILY = "1,2";
				TEST_TARGET_NAME = DependencyInjection;
			};
			name = Debug;
		};
		E23BA43D251AA1A50011B52E /* Release */ = {
			isa = XCBuildConfiguration;
			buildSettings = {
				ALWAYS_EMBED_SWIFT_STANDARD_LIBRARIES = YES;
				CODE_SIGN_STYLE = Automatic;
				INFOPLIST_FILE = DependencyInjectionUITests/Info.plist;
				LD_RUNPATH_SEARCH_PATHS = (
					"$(inherited)",
					"@executable_path/Frameworks",
					"@loader_path/Frameworks",
				);
				PRODUCT_BUNDLE_IDENTIFIER = com.decagonhq.DependencyInjectionUITests;
				PRODUCT_NAME = "$(TARGET_NAME)";
				SWIFT_VERSION = 5.0;
				TARGETED_DEVICE_FAMILY = "1,2";
				TEST_TARGET_NAME = DependencyInjection;
			};
			name = Release;
		};
/* End XCBuildConfiguration section */

/* Begin XCConfigurationList section */
		E23BA406251AA1A30011B52E /* Build configuration list for PBXProject "DependencyInjection" */ = {
			isa = XCConfigurationList;
			buildConfigurations = (
				E23BA433251AA1A50011B52E /* Debug */,
				E23BA434251AA1A50011B52E /* Release */,
			);
			defaultConfigurationIsVisible = 0;
			defaultConfigurationName = Release;
		};
		E23BA435251AA1A50011B52E /* Build configuration list for PBXNativeTarget "DependencyInjection" */ = {
			isa = XCConfigurationList;
			buildConfigurations = (
				E23BA436251AA1A50011B52E /* Debug */,
				E23BA437251AA1A50011B52E /* Release */,
			);
			defaultConfigurationIsVisible = 0;
			defaultConfigurationName = Release;
		};
		E23BA438251AA1A50011B52E /* Build configuration list for PBXNativeTarget "DependencyInjectionTests" */ = {
			isa = XCConfigurationList;
			buildConfigurations = (
				E23BA439251AA1A50011B52E /* Debug */,
				E23BA43A251AA1A50011B52E /* Release */,
			);
			defaultConfigurationIsVisible = 0;
			defaultConfigurationName = Release;
		};
		E23BA43B251AA1A50011B52E /* Build configuration list for PBXNativeTarget "DependencyInjectionUITests" */ = {
			isa = XCConfigurationList;
			buildConfigurations = (
				E23BA43C251AA1A50011B52E /* Debug */,
				E23BA43D251AA1A50011B52E /* Release */,
			);
			defaultConfigurationIsVisible = 0;
			defaultConfigurationName = Release;
		};
/* End XCConfigurationList section */
	};
	rootObject = E23BA403251AA1A30011B52E /* Project object */;
}
